// !$*UTF8*$!
{
	archiveVersion = 1;
	classes = {
	};
	objectVersion = 56;
	objects = {

/* Begin PBXBuildFile section */
		27B929B02C422E4600FA82D0 /* NetworkConstants.swift in Sources */ = {isa = PBXBuildFile; fileRef = 27B929AF2C422E4600FA82D0 /* NetworkConstants.swift */; };
		27B929B22C422E5800FA82D0 /* NetworkError.swift in Sources */ = {isa = PBXBuildFile; fileRef = 27B929B12C422E5800FA82D0 /* NetworkError.swift */; };
		27B929B52C422ED200FA82D0 /* LoginViewModel.swift in Sources */ = {isa = PBXBuildFile; fileRef = 27B929B42C422ED200FA82D0 /* LoginViewModel.swift */; };
		27B929B82C42310700FA82D0 /* AppointmentsView.swift in Sources */ = {isa = PBXBuildFile; fileRef = 27B929B72C42310700FA82D0 /* AppointmentsView.swift */; };
		27B929BB2C4232D900FA82D0 /* SeparatorView.swift in Sources */ = {isa = PBXBuildFile; fileRef = 27B929BA2C4232D900FA82D0 /* SeparatorView.swift */; };
		27B929BD2C42387A00FA82D0 /* StatusSelectionView.swift in Sources */ = {isa = PBXBuildFile; fileRef = 27B929BC2C42387A00FA82D0 /* StatusSelectionView.swift */; };
		27B929C02C42393A00FA82D0 /* StatusSelection.swift in Sources */ = {isa = PBXBuildFile; fileRef = 27B929BF2C42393A00FA82D0 /* StatusSelection.swift */; };
		27B929C22C42397600FA82D0 /* AppointmentListItemView.swift in Sources */ = {isa = PBXBuildFile; fileRef = 27B929C12C42397600FA82D0 /* AppointmentListItemView.swift */; };
		27B929C42C423FA900FA82D0 /* AppointmentListItemModel.swift in Sources */ = {isa = PBXBuildFile; fileRef = 27B929C32C423FA900FA82D0 /* AppointmentListItemModel.swift */; };
		27B929C62C423FBC00FA82D0 /* MonthView.swift in Sources */ = {isa = PBXBuildFile; fileRef = 27B929C52C423FBC00FA82D0 /* MonthView.swift */; };
		27B929C82C4241E300FA82D0 /* View+Extensions.swift in Sources */ = {isa = PBXBuildFile; fileRef = 27B929C72C4241E300FA82D0 /* View+Extensions.swift */; };
		27B929CB2C4242D400FA82D0 /* AppointmentService.swift in Sources */ = {isa = PBXBuildFile; fileRef = 27B929CA2C4242D400FA82D0 /* AppointmentService.swift */; };
		27B929CD2C42443500FA82D0 /* Appointment.swift in Sources */ = {isa = PBXBuildFile; fileRef = 27B929CC2C42443500FA82D0 /* Appointment.swift */; };
		27B929CF2C4246C000FA82D0 /* LaunchScreenView.swift in Sources */ = {isa = PBXBuildFile; fileRef = 27B929CE2C4246C000FA82D0 /* LaunchScreenView.swift */; };
		27B929D22C4249E600FA82D0 /* AppNavigationModel.swift in Sources */ = {isa = PBXBuildFile; fileRef = 27B929D12C4249E600FA82D0 /* AppNavigationModel.swift */; };
		27B929D42C4249F400FA82D0 /* AppDestination.swift in Sources */ = {isa = PBXBuildFile; fileRef = 27B929D32C4249F400FA82D0 /* AppDestination.swift */; };
		27B929D72C42522E00FA82D0 /* AppointmentsViewModel.swift in Sources */ = {isa = PBXBuildFile; fileRef = 27B929D62C42522E00FA82D0 /* AppointmentsViewModel.swift */; };
		27FD753A2C4200C6009F8146 /* FayApp.swift in Sources */ = {isa = PBXBuildFile; fileRef = 27FD75392C4200C6009F8146 /* FayApp.swift */; };
		27FD753E2C4200C7009F8146 /* Assets.xcassets in Resources */ = {isa = PBXBuildFile; fileRef = 27FD753D2C4200C7009F8146 /* Assets.xcassets */; };
		27FD75412C4200C7009F8146 /* Preview Assets.xcassets in Resources */ = {isa = PBXBuildFile; fileRef = 27FD75402C4200C7009F8146 /* Preview Assets.xcassets */; };
		27FD754C2C420FFC009F8146 /* LoginView.swift in Sources */ = {isa = PBXBuildFile; fileRef = 27FD754B2C420FFC009F8146 /* LoginView.swift */; };
		27FD75542C421DEA009F8146 /* AuthService.swift in Sources */ = {isa = PBXBuildFile; fileRef = 27FD75532C421DEA009F8146 /* AuthService.swift */; };
		27FD75572C421E40009F8146 /* NetworkClient.swift in Sources */ = {isa = PBXBuildFile; fileRef = 27FD75562C421E40009F8146 /* NetworkClient.swift */; };
		27FD755A2C421FC6009F8146 /* KeychainManager.swift in Sources */ = {isa = PBXBuildFile; fileRef = 27FD75592C421FC6009F8146 /* KeychainManager.swift */; };
		27FD755D2C422258009F8146 /* LoginUserPost.swift in Sources */ = {isa = PBXBuildFile; fileRef = 27FD755C2C422258009F8146 /* LoginUserPost.swift */; };
/* End PBXBuildFile section */

/* Begin PBXFileReference section */
		27B929AF2C422E4600FA82D0 /* NetworkConstants.swift */ = {isa = PBXFileReference; lastKnownFileType = sourcecode.swift; path = NetworkConstants.swift; sourceTree = "<group>"; };
		27B929B12C422E5800FA82D0 /* NetworkError.swift */ = {isa = PBXFileReference; lastKnownFileType = sourcecode.swift; path = NetworkError.swift; sourceTree = "<group>"; };
		27B929B42C422ED200FA82D0 /* LoginViewModel.swift */ = {isa = PBXFileReference; lastKnownFileType = sourcecode.swift; path = LoginViewModel.swift; sourceTree = "<group>"; };
		27B929B72C42310700FA82D0 /* AppointmentsView.swift */ = {isa = PBXFileReference; lastKnownFileType = sourcecode.swift; path = AppointmentsView.swift; sourceTree = "<group>"; };
		27B929BA2C4232D900FA82D0 /* SeparatorView.swift */ = {isa = PBXFileReference; lastKnownFileType = sourcecode.swift; path = SeparatorView.swift; sourceTree = "<group>"; };
		27B929BC2C42387A00FA82D0 /* StatusSelectionView.swift */ = {isa = PBXFileReference; lastKnownFileType = sourcecode.swift; path = StatusSelectionView.swift; sourceTree = "<group>"; };
		27B929BF2C42393A00FA82D0 /* StatusSelection.swift */ = {isa = PBXFileReference; lastKnownFileType = sourcecode.swift; path = StatusSelection.swift; sourceTree = "<group>"; };
		27B929C12C42397600FA82D0 /* AppointmentListItemView.swift */ = {isa = PBXFileReference; lastKnownFileType = sourcecode.swift; path = AppointmentListItemView.swift; sourceTree = "<group>"; };
		27B929C32C423FA900FA82D0 /* AppointmentListItemModel.swift */ = {isa = PBXFileReference; lastKnownFileType = sourcecode.swift; path = AppointmentListItemModel.swift; sourceTree = "<group>"; };
		27B929C52C423FBC00FA82D0 /* MonthView.swift */ = {isa = PBXFileReference; lastKnownFileType = sourcecode.swift; path = MonthView.swift; sourceTree = "<group>"; };
		27B929C72C4241E300FA82D0 /* View+Extensions.swift */ = {isa = PBXFileReference; lastKnownFileType = sourcecode.swift; path = "View+Extensions.swift"; sourceTree = "<group>"; };
		27B929CA2C4242D400FA82D0 /* AppointmentService.swift */ = {isa = PBXFileReference; lastKnownFileType = sourcecode.swift; path = AppointmentService.swift; sourceTree = "<group>"; };
		27B929CC2C42443500FA82D0 /* Appointment.swift */ = {isa = PBXFileReference; lastKnownFileType = sourcecode.swift; path = Appointment.swift; sourceTree = "<group>"; };
		27B929CE2C4246C000FA82D0 /* LaunchScreenView.swift */ = {isa = PBXFileReference; lastKnownFileType = sourcecode.swift; path = LaunchScreenView.swift; sourceTree = "<group>"; };
		27B929D12C4249E600FA82D0 /* AppNavigationModel.swift */ = {isa = PBXFileReference; lastKnownFileType = sourcecode.swift; path = AppNavigationModel.swift; sourceTree = "<group>"; };
		27B929D32C4249F400FA82D0 /* AppDestination.swift */ = {isa = PBXFileReference; lastKnownFileType = sourcecode.swift; path = AppDestination.swift; sourceTree = "<group>"; };
		27B929D62C42522E00FA82D0 /* AppointmentsViewModel.swift */ = {isa = PBXFileReference; lastKnownFileType = sourcecode.swift; path = AppointmentsViewModel.swift; sourceTree = "<group>"; };
		27FD75362C4200C6009F8146 /* Fay.app */ = {isa = PBXFileReference; explicitFileType = wrapper.application; includeInIndex = 0; path = Fay.app; sourceTree = BUILT_PRODUCTS_DIR; };
		27FD75392C4200C6009F8146 /* FayApp.swift */ = {isa = PBXFileReference; lastKnownFileType = sourcecode.swift; path = FayApp.swift; sourceTree = "<group>"; };
		27FD753D2C4200C7009F8146 /* Assets.xcassets */ = {isa = PBXFileReference; lastKnownFileType = folder.assetcatalog; path = Assets.xcassets; sourceTree = "<group>"; };
		27FD75402C4200C7009F8146 /* Preview Assets.xcassets */ = {isa = PBXFileReference; lastKnownFileType = folder.assetcatalog; path = "Preview Assets.xcassets"; sourceTree = "<group>"; };
		27FD754B2C420FFC009F8146 /* LoginView.swift */ = {isa = PBXFileReference; lastKnownFileType = sourcecode.swift; path = LoginView.swift; sourceTree = "<group>"; };
		27FD75532C421DEA009F8146 /* AuthService.swift */ = {isa = PBXFileReference; lastKnownFileType = sourcecode.swift; path = AuthService.swift; sourceTree = "<group>"; };
		27FD75562C421E40009F8146 /* NetworkClient.swift */ = {isa = PBXFileReference; lastKnownFileType = sourcecode.swift; path = NetworkClient.swift; sourceTree = "<group>"; };
		27FD75592C421FC6009F8146 /* KeychainManager.swift */ = {isa = PBXFileReference; lastKnownFileType = sourcecode.swift; path = KeychainManager.swift; sourceTree = "<group>"; };
		27FD755C2C422258009F8146 /* LoginUserPost.swift */ = {isa = PBXFileReference; lastKnownFileType = sourcecode.swift; path = LoginUserPost.swift; sourceTree = "<group>"; };
/* End PBXFileReference section */

/* Begin PBXFrameworksBuildPhase section */
		27FD75332C4200C6009F8146 /* Frameworks */ = {
			isa = PBXFrameworksBuildPhase;
			buildActionMask = 2147483647;
			files = (
			);
			runOnlyForDeploymentPostprocessing = 0;
		};
/* End PBXFrameworksBuildPhase section */

/* Begin PBXGroup section */
		27B929B32C422EC700FA82D0 /* ViewModels */ = {
			isa = PBXGroup;
			children = (
				27B929B42C422ED200FA82D0 /* LoginViewModel.swift */,
			);
			path = ViewModels;
			sourceTree = "<group>";
		};
		27B929B62C4230FB00FA82D0 /* Views */ = {
			isa = PBXGroup;
			children = (
				27B929B72C42310700FA82D0 /* AppointmentsView.swift */,
				27B929BC2C42387A00FA82D0 /* StatusSelectionView.swift */,
				27B929C12C42397600FA82D0 /* AppointmentListItemView.swift */,
				27B929C52C423FBC00FA82D0 /* MonthView.swift */,
			);
			path = Views;
			sourceTree = "<group>";
		};
		27B929BE2C42393200FA82D0 /* Models */ = {
			isa = PBXGroup;
			children = (
				27B929BF2C42393A00FA82D0 /* StatusSelection.swift */,
				27B929C32C423FA900FA82D0 /* AppointmentListItemModel.swift */,
			);
			path = Models;
			sourceTree = "<group>";
		};
		27B929C92C4242C500FA82D0 /* AppointmentService */ = {
			isa = PBXGroup;
			children = (
				27B929CA2C4242D400FA82D0 /* AppointmentService.swift */,
			);
			path = AppointmentService;
			sourceTree = "<group>";
		};
		27B929D02C4249D800FA82D0 /* Navigation */ = {
			isa = PBXGroup;
			children = (
				27B929D12C4249E600FA82D0 /* AppNavigationModel.swift */,
				27B929D32C4249F400FA82D0 /* AppDestination.swift */,
			);
			path = Navigation;
			sourceTree = "<group>";
		};
		27B929D52C42522500FA82D0 /* ViewModels */ = {
			isa = PBXGroup;
			children = (
				27B929D62C42522E00FA82D0 /* AppointmentsViewModel.swift */,
			);
			path = ViewModels;
			sourceTree = "<group>";
		};
		27FD752D2C4200C6009F8146 = {
			isa = PBXGroup;
			children = (
				27FD75382C4200C6009F8146 /* Fay */,
				27FD75372C4200C6009F8146 /* Products */,
			);
			sourceTree = "<group>";
		};
		27FD75372C4200C6009F8146 /* Products */ = {
			isa = PBXGroup;
			children = (
				27FD75362C4200C6009F8146 /* Fay.app */,
			);
			name = Products;
			sourceTree = "<group>";
		};
		27FD75382C4200C6009F8146 /* Fay */ = {
			isa = PBXGroup;
			children = (
				27FD754D2C42134F009F8146 /* Common */,
				27FD75472C4200D8009F8146 /* Features */,
				27FD75392C4200C6009F8146 /* FayApp.swift */,
				27FD753D2C4200C7009F8146 /* Assets.xcassets */,
				27FD753F2C4200C7009F8146 /* Preview Content */,
			);
			path = Fay;
			sourceTree = "<group>";
		};
		27FD753F2C4200C7009F8146 /* Preview Content */ = {
			isa = PBXGroup;
			children = (
				27FD75402C4200C7009F8146 /* Preview Assets.xcassets */,
			);
			path = "Preview Content";
			sourceTree = "<group>";
		};
		27FD75472C4200D8009F8146 /* Features */ = {
			isa = PBXGroup;
			children = (
				27FD75492C420175009F8146 /* Appointments */,
				27FD75482C4200DD009F8146 /* Login */,
			);
			path = Features;
			sourceTree = "<group>";
		};
		27FD75482C4200DD009F8146 /* Login */ = {
			isa = PBXGroup;
			children = (
				27B929B32C422EC700FA82D0 /* ViewModels */,
				27FD754A2C420FF0009F8146 /* Views */,
			);
			path = Login;
			sourceTree = "<group>";
		};
		27FD75492C420175009F8146 /* Appointments */ = {
			isa = PBXGroup;
			children = (
				27B929D52C42522500FA82D0 /* ViewModels */,
				27B929BE2C42393200FA82D0 /* Models */,
				27B929B62C4230FB00FA82D0 /* Views */,
			);
			path = Appointments;
			sourceTree = "<group>";
		};
		27FD754A2C420FF0009F8146 /* Views */ = {
			isa = PBXGroup;
			children = (
				27FD754B2C420FFC009F8146 /* LoginView.swift */,
			);
			path = Views;
			sourceTree = "<group>";
		};
		27FD754D2C42134F009F8146 /* Common */ = {
			isa = PBXGroup;
			children = (
				27B929D02C4249D800FA82D0 /* Navigation */,
				27FD755B2C422247009F8146 /* Models */,
				27FD75582C421FA9009F8146 /* KeychainManager */,
				27FD75552C421E30009F8146 /* Network */,
				27FD75512C421DD7009F8146 /* Services */,
				27FD754E2C42139E009F8146 /* Views */,
				27B929C72C4241E300FA82D0 /* View+Extensions.swift */,
			);
			path = Common;
			sourceTree = "<group>";
		};
		27FD754E2C42139E009F8146 /* Views */ = {
			isa = PBXGroup;
			children = (
				27B929BA2C4232D900FA82D0 /* SeparatorView.swift */,
				27B929CE2C4246C000FA82D0 /* LaunchScreenView.swift */,
			);
			path = Views;
			sourceTree = "<group>";
		};
		27FD75512C421DD7009F8146 /* Services */ = {
			isa = PBXGroup;
			children = (
				27B929C92C4242C500FA82D0 /* AppointmentService */,
				27FD75522C421DDF009F8146 /* AuthService */,
			);
			path = Services;
			sourceTree = "<group>";
		};
		27FD75522C421DDF009F8146 /* AuthService */ = {
			isa = PBXGroup;
			children = (
				27FD75532C421DEA009F8146 /* AuthService.swift */,
			);
			path = AuthService;
			sourceTree = "<group>";
		};
		27FD75552C421E30009F8146 /* Network */ = {
			isa = PBXGroup;
			children = (
				27FD75562C421E40009F8146 /* NetworkClient.swift */,
				27B929AF2C422E4600FA82D0 /* NetworkConstants.swift */,
				27B929B12C422E5800FA82D0 /* NetworkError.swift */,
			);
			path = Network;
			sourceTree = "<group>";
		};
		27FD75582C421FA9009F8146 /* KeychainManager */ = {
			isa = PBXGroup;
			children = (
				27FD75592C421FC6009F8146 /* KeychainManager.swift */,
			);
			path = KeychainManager;
			sourceTree = "<group>";
		};
		27FD755B2C422247009F8146 /* Models */ = {
			isa = PBXGroup;
			children = (
				27FD755C2C422258009F8146 /* LoginUserPost.swift */,
				27B929CC2C42443500FA82D0 /* Appointment.swift */,
			);
			path = Models;
			sourceTree = "<group>";
		};
/* End PBXGroup section */

/* Begin PBXNativeTarget section */
		27FD75352C4200C6009F8146 /* Fay */ = {
			isa = PBXNativeTarget;
			buildConfigurationList = 27FD75442C4200C7009F8146 /* Build configuration list for PBXNativeTarget "Fay" */;
			buildPhases = (
				27FD75322C4200C6009F8146 /* Sources */,
				27FD75332C4200C6009F8146 /* Frameworks */,
				27FD75342C4200C6009F8146 /* Resources */,
			);
			buildRules = (
			);
			dependencies = (
			);
			name = Fay;
			productName = Fay;
			productReference = 27FD75362C4200C6009F8146 /* Fay.app */;
			productType = "com.apple.product-type.application";
		};
/* End PBXNativeTarget section */

/* Begin PBXProject section */
		27FD752E2C4200C6009F8146 /* Project object */ = {
			isa = PBXProject;
			attributes = {
				BuildIndependentTargetsInParallel = 1;
				LastSwiftUpdateCheck = 1520;
				LastUpgradeCheck = 1520;
				TargetAttributes = {
					27FD75352C4200C6009F8146 = {
						CreatedOnToolsVersion = 15.2;
					};
				};
			};
			buildConfigurationList = 27FD75312C4200C6009F8146 /* Build configuration list for PBXProject "Fay" */;
			compatibilityVersion = "Xcode 14.0";
			developmentRegion = en;
			hasScannedForEncodings = 0;
			knownRegions = (
				en,
				Base,
			);
			mainGroup = 27FD752D2C4200C6009F8146;
			productRefGroup = 27FD75372C4200C6009F8146 /* Products */;
			projectDirPath = "";
			projectRoot = "";
			targets = (
				27FD75352C4200C6009F8146 /* Fay */,
			);
		};
/* End PBXProject section */

/* Begin PBXResourcesBuildPhase section */
		27FD75342C4200C6009F8146 /* Resources */ = {
			isa = PBXResourcesBuildPhase;
			buildActionMask = 2147483647;
			files = (
				27FD75412C4200C7009F8146 /* Preview Assets.xcassets in Resources */,
				27FD753E2C4200C7009F8146 /* Assets.xcassets in Resources */,
			);
			runOnlyForDeploymentPostprocessing = 0;
		};
/* End PBXResourcesBuildPhase section */

/* Begin PBXSourcesBuildPhase section */
		27FD75322C4200C6009F8146 /* Sources */ = {
			isa = PBXSourcesBuildPhase;
			buildActionMask = 2147483647;
			files = (
				27B929BB2C4232D900FA82D0 /* SeparatorView.swift in Sources */,
				27B929B02C422E4600FA82D0 /* NetworkConstants.swift in Sources */,
				27B929D72C42522E00FA82D0 /* AppointmentsViewModel.swift in Sources */,
				27B929B22C422E5800FA82D0 /* NetworkError.swift in Sources */,
				27B929D22C4249E600FA82D0 /* AppNavigationModel.swift in Sources */,
				27B929D42C4249F400FA82D0 /* AppDestination.swift in Sources */,
				27FD755D2C422258009F8146 /* LoginUserPost.swift in Sources */,
				27FD75542C421DEA009F8146 /* AuthService.swift in Sources */,
				27B929B82C42310700FA82D0 /* AppointmentsView.swift in Sources */,
				27FD754C2C420FFC009F8146 /* LoginView.swift in Sources */,
				27B929C82C4241E300FA82D0 /* View+Extensions.swift in Sources */,
				27B929C22C42397600FA82D0 /* AppointmentListItemView.swift in Sources */,
				27FD753A2C4200C6009F8146 /* FayApp.swift in Sources */,
				27B929CD2C42443500FA82D0 /* Appointment.swift in Sources */,
				27FD75572C421E40009F8146 /* NetworkClient.swift in Sources */,
				27B929BD2C42387A00FA82D0 /* StatusSelectionView.swift in Sources */,
				27B929C62C423FBC00FA82D0 /* MonthView.swift in Sources */,
				27FD755A2C421FC6009F8146 /* KeychainManager.swift in Sources */,
				27B929CF2C4246C000FA82D0 /* LaunchScreenView.swift in Sources */,
				27B929B52C422ED200FA82D0 /* LoginViewModel.swift in Sources */,
				27B929CB2C4242D400FA82D0 /* AppointmentService.swift in Sources */,
				27B929C42C423FA900FA82D0 /* AppointmentListItemModel.swift in Sources */,
				27B929C02C42393A00FA82D0 /* StatusSelection.swift in Sources */,
			);
			runOnlyForDeploymentPostprocessing = 0;
		};
/* End PBXSourcesBuildPhase section */

/* Begin XCBuildConfiguration section */
		27FD75422C4200C7009F8146 /* Debug */ = {
			isa = XCBuildConfiguration;
			buildSettings = {
				ALWAYS_SEARCH_USER_PATHS = NO;
				ASSETCATALOG_COMPILER_GENERATE_SWIFT_ASSET_SYMBOL_EXTENSIONS = YES;
				CLANG_ANALYZER_NONNULL = YES;
				CLANG_ANALYZER_NUMBER_OBJECT_CONVERSION = YES_AGGRESSIVE;
				CLANG_CXX_LANGUAGE_STANDARD = "gnu++20";
				CLANG_ENABLE_MODULES = YES;
				CLANG_ENABLE_OBJC_ARC = YES;
				CLANG_ENABLE_OBJC_WEAK = YES;
				CLANG_WARN_BLOCK_CAPTURE_AUTORELEASING = YES;
				CLANG_WARN_BOOL_CONVERSION = YES;
				CLANG_WARN_COMMA = YES;
				CLANG_WARN_CONSTANT_CONVERSION = YES;
				CLANG_WARN_DEPRECATED_OBJC_IMPLEMENTATIONS = YES;
				CLANG_WARN_DIRECT_OBJC_ISA_USAGE = YES_ERROR;
				CLANG_WARN_DOCUMENTATION_COMMENTS = YES;
				CLANG_WARN_EMPTY_BODY = YES;
				CLANG_WARN_ENUM_CONVERSION = YES;
				CLANG_WARN_INFINITE_RECURSION = YES;
				CLANG_WARN_INT_CONVERSION = YES;
				CLANG_WARN_NON_LITERAL_NULL_CONVERSION = YES;
				CLANG_WARN_OBJC_IMPLICIT_RETAIN_SELF = YES;
				CLANG_WARN_OBJC_LITERAL_CONVERSION = YES;
				CLANG_WARN_OBJC_ROOT_CLASS = YES_ERROR;
				CLANG_WARN_QUOTED_INCLUDE_IN_FRAMEWORK_HEADER = YES;
				CLANG_WARN_RANGE_LOOP_ANALYSIS = YES;
				CLANG_WARN_STRICT_PROTOTYPES = YES;
				CLANG_WARN_SUSPICIOUS_MOVE = YES;
				CLANG_WARN_UNGUARDED_AVAILABILITY = YES_AGGRESSIVE;
				CLANG_WARN_UNREACHABLE_CODE = YES;
				CLANG_WARN__DUPLICATE_METHOD_MATCH = YES;
				COPY_PHASE_STRIP = NO;
				DEBUG_INFORMATION_FORMAT = dwarf;
				ENABLE_STRICT_OBJC_MSGSEND = YES;
				ENABLE_TESTABILITY = YES;
				ENABLE_USER_SCRIPT_SANDBOXING = YES;
				GCC_C_LANGUAGE_STANDARD = gnu17;
				GCC_DYNAMIC_NO_PIC = NO;
				GCC_NO_COMMON_BLOCKS = YES;
				GCC_OPTIMIZATION_LEVEL = 0;
				GCC_PREPROCESSOR_DEFINITIONS = (
					"DEBUG=1",
					"$(inherited)",
				);
				GCC_WARN_64_TO_32_BIT_CONVERSION = YES;
				GCC_WARN_ABOUT_RETURN_TYPE = YES_ERROR;
				GCC_WARN_UNDECLARED_SELECTOR = YES;
				GCC_WARN_UNINITIALIZED_AUTOS = YES_AGGRESSIVE;
				GCC_WARN_UNUSED_FUNCTION = YES;
				GCC_WARN_UNUSED_VARIABLE = YES;
				IPHONEOS_DEPLOYMENT_TARGET = 17.2;
				LOCALIZATION_PREFERS_STRING_CATALOGS = YES;
				MTL_ENABLE_DEBUG_INFO = INCLUDE_SOURCE;
				MTL_FAST_MATH = YES;
				ONLY_ACTIVE_ARCH = YES;
				SDKROOT = iphoneos;
				SWIFT_ACTIVE_COMPILATION_CONDITIONS = "DEBUG $(inherited)";
				SWIFT_OPTIMIZATION_LEVEL = "-Onone";
			};
			name = Debug;
		};
		27FD75432C4200C7009F8146 /* Release */ = {
			isa = XCBuildConfiguration;
			buildSettings = {
				ALWAYS_SEARCH_USER_PATHS = NO;
				ASSETCATALOG_COMPILER_GENERATE_SWIFT_ASSET_SYMBOL_EXTENSIONS = YES;
				CLANG_ANALYZER_NONNULL = YES;
				CLANG_ANALYZER_NUMBER_OBJECT_CONVERSION = YES_AGGRESSIVE;
				CLANG_CXX_LANGUAGE_STANDARD = "gnu++20";
				CLANG_ENABLE_MODULES = YES;
				CLANG_ENABLE_OBJC_ARC = YES;
				CLANG_ENABLE_OBJC_WEAK = YES;
				CLANG_WARN_BLOCK_CAPTURE_AUTORELEASING = YES;
				CLANG_WARN_BOOL_CONVERSION = YES;
				CLANG_WARN_COMMA = YES;
				CLANG_WARN_CONSTANT_CONVERSION = YES;
				CLANG_WARN_DEPRECATED_OBJC_IMPLEMENTATIONS = YES;
				CLANG_WARN_DIRECT_OBJC_ISA_USAGE = YES_ERROR;
				CLANG_WARN_DOCUMENTATION_COMMENTS = YES;
				CLANG_WARN_EMPTY_BODY = YES;
				CLANG_WARN_ENUM_CONVERSION = YES;
				CLANG_WARN_INFINITE_RECURSION = YES;
				CLANG_WARN_INT_CONVERSION = YES;
				CLANG_WARN_NON_LITERAL_NULL_CONVERSION = YES;
				CLANG_WARN_OBJC_IMPLICIT_RETAIN_SELF = YES;
				CLANG_WARN_OBJC_LITERAL_CONVERSION = YES;
				CLANG_WARN_OBJC_ROOT_CLASS = YES_ERROR;
				CLANG_WARN_QUOTED_INCLUDE_IN_FRAMEWORK_HEADER = YES;
				CLANG_WARN_RANGE_LOOP_ANALYSIS = YES;
				CLANG_WARN_STRICT_PROTOTYPES = YES;
				CLANG_WARN_SUSPICIOUS_MOVE = YES;
				CLANG_WARN_UNGUARDED_AVAILABILITY = YES_AGGRESSIVE;
				CLANG_WARN_UNREACHABLE_CODE = YES;
				CLANG_WARN__DUPLICATE_METHOD_MATCH = YES;
				COPY_PHASE_STRIP = NO;
				DEBUG_INFORMATION_FORMAT = "dwarf-with-dsym";
				ENABLE_NS_ASSERTIONS = NO;
				ENABLE_STRICT_OBJC_MSGSEND = YES;
				ENABLE_USER_SCRIPT_SANDBOXING = YES;
				GCC_C_LANGUAGE_STANDARD = gnu17;
				GCC_NO_COMMON_BLOCKS = YES;
				GCC_WARN_64_TO_32_BIT_CONVERSION = YES;
				GCC_WARN_ABOUT_RETURN_TYPE = YES_ERROR;
				GCC_WARN_UNDECLARED_SELECTOR = YES;
				GCC_WARN_UNINITIALIZED_AUTOS = YES_AGGRESSIVE;
				GCC_WARN_UNUSED_FUNCTION = YES;
				GCC_WARN_UNUSED_VARIABLE = YES;
				IPHONEOS_DEPLOYMENT_TARGET = 17.2;
				LOCALIZATION_PREFERS_STRING_CATALOGS = YES;
				MTL_ENABLE_DEBUG_INFO = NO;
				MTL_FAST_MATH = YES;
				SDKROOT = iphoneos;
				SWIFT_COMPILATION_MODE = wholemodule;
				VALIDATE_PRODUCT = YES;
			};
			name = Release;
		};
		27FD75452C4200C7009F8146 /* Debug */ = {
			isa = XCBuildConfiguration;
			buildSettings = {
				ASSETCATALOG_COMPILER_APPICON_NAME = AppIcon;
				ASSETCATALOG_COMPILER_GLOBAL_ACCENT_COLOR_NAME = AccentColor;
				CODE_SIGN_STYLE = Automatic;
				CURRENT_PROJECT_VERSION = 1;
				DEVELOPMENT_ASSET_PATHS = "\"Fay/Preview Content\"";
				DEVELOPMENT_TEAM = T6W6ADR42Z;
				ENABLE_PREVIEWS = YES;
				GENERATE_INFOPLIST_FILE = YES;
				INFOPLIST_KEY_UIApplicationSceneManifest_Generation = YES;
				INFOPLIST_KEY_UIApplicationSupportsIndirectInputEvents = YES;
				INFOPLIST_KEY_UILaunchScreen_Generation = YES;
				INFOPLIST_KEY_UISupportedInterfaceOrientations_iPad = "UIInterfaceOrientationPortrait UIInterfaceOrientationPortraitUpsideDown UIInterfaceOrientationLandscapeLeft UIInterfaceOrientationLandscapeRight";
				INFOPLIST_KEY_UISupportedInterfaceOrientations_iPhone = "UIInterfaceOrientationPortrait UIInterfaceOrientationLandscapeLeft UIInterfaceOrientationLandscapeRight";
				IPHONEOS_DEPLOYMENT_TARGET = 16.0;
				LD_RUNPATH_SEARCH_PATHS = (
					"$(inherited)",
					"@executable_path/Frameworks",
				);
				MARKETING_VERSION = 1.0;
				PRODUCT_BUNDLE_IDENTIFIER = net.kylejennings.Fay;
				PRODUCT_NAME = "$(TARGET_NAME)";
				SWIFT_EMIT_LOC_STRINGS = YES;
				SWIFT_VERSION = 5.0;
				TARGETED_DEVICE_FAMILY = "1,2";
			};
			name = Debug;
		};
		27FD75462C4200C7009F8146 /* Release */ = {
			isa = XCBuildConfiguration;
			buildSettings = {
				ASSETCATALOG_COMPILER_APPICON_NAME = AppIcon;
				ASSETCATALOG_COMPILER_GLOBAL_ACCENT_COLOR_NAME = AccentColor;
				CODE_SIGN_STYLE = Automatic;
				CURRENT_PROJECT_VERSION = 1;
				DEVELOPMENT_ASSET_PATHS = "\"Fay/Preview Content\"";
				DEVELOPMENT_TEAM = T6W6ADR42Z;
				ENABLE_PREVIEWS = YES;
				GENERATE_INFOPLIST_FILE = YES;
				INFOPLIST_KEY_UIApplicationSceneManifest_Generation = YES;
				INFOPLIST_KEY_UIApplicationSupportsIndirectInputEvents = YES;
				INFOPLIST_KEY_UILaunchScreen_Generation = YES;
				INFOPLIST_KEY_UISupportedInterfaceOrientations_iPad = "UIInterfaceOrientationPortrait UIInterfaceOrientationPortraitUpsideDown UIInterfaceOrientationLandscapeLeft UIInterfaceOrientationLandscapeRight";
				INFOPLIST_KEY_UISupportedInterfaceOrientations_iPhone = "UIInterfaceOrientationPortrait UIInterfaceOrientationLandscapeLeft UIInterfaceOrientationLandscapeRight";
				IPHONEOS_DEPLOYMENT_TARGET = 16.0;
				LD_RUNPATH_SEARCH_PATHS = (
					"$(inherited)",
					"@executable_path/Frameworks",
				);
				MARKETING_VERSION = 1.0;
				PRODUCT_BUNDLE_IDENTIFIER = net.kylejennings.Fay;
				PRODUCT_NAME = "$(TARGET_NAME)";
				SWIFT_EMIT_LOC_STRINGS = YES;
				SWIFT_VERSION = 5.0;
				TARGETED_DEVICE_FAMILY = "1,2";
			};
			name = Release;
		};
/* End XCBuildConfiguration section */

/* Begin XCConfigurationList section */
		27FD75312C4200C6009F8146 /* Build configuration list for PBXProject "Fay" */ = {
			isa = XCConfigurationList;
			buildConfigurations = (
				27FD75422C4200C7009F8146 /* Debug */,
				27FD75432C4200C7009F8146 /* Release */,
			);
			defaultConfigurationIsVisible = 0;
			defaultConfigurationName = Release;
		};
		27FD75442C4200C7009F8146 /* Build configuration list for PBXNativeTarget "Fay" */ = {
			isa = XCConfigurationList;
			buildConfigurations = (
				27FD75452C4200C7009F8146 /* Debug */,
				27FD75462C4200C7009F8146 /* Release */,
			);
			defaultConfigurationIsVisible = 0;
			defaultConfigurationName = Release;
		};
/* End XCConfigurationList section */
	};
	rootObject = 27FD752E2C4200C6009F8146 /* Project object */;
}
